
Microsoft Visual Studio Solution File, Format Version 12.00
# Visual Studio Version 16
VisualStudioVersion = 16.0.29905.134
MinimumVisualStudioVersion = 10.0.40219.1
Project("{FAE04EC0-301F-11D3-BF4B-00C04F79EFBC}") = "FallingBricks", "FallingBricks\FallingBricks.csproj", "{272C0A83-708B-454E-A77E-A093ADD6B4EB}"
EndProject
Global
	GlobalSection(SolutionConfigurationPlatforms) = preSolution
		Debug|Any CPU = Debug|Any CPU
		Release|Any CPU = Release|Any CPU
	EndGlobalSection
	GlobalSection(ProjectConfigurationPlatforms) = postSolution
		{272C0A83-708B-454E-A77E-A093ADD6B4EB}.Debug|Any CPU.ActiveCfg = Debug|Any CPU
		{272C0A83-708B-454E-A77E-A093ADD6B4EB}.Debug|Any CPU.Build.0 = Debug|Any CPU
		{272C0A83-708B-454E-A77E-A093ADD6B4EB}.Release|Any CPU.ActiveCfg = Release|Any CPU
		{272C0A83-708B-454E-A77E-A093ADD6B4EB}.Release|Any CPU.Build.0 = Release|Any CPU
	EndGlobalSection
	GlobalSection(SolutionProperties) = preSolution
		HideSolutionNode = FALSE
	EndGlobalSection
	GlobalSection(ExtensibilityGlobals) = postSolution
		SolutionGuid = {F37599FA-45F6-45F3-BEA6-5830F02FDF05}
	EndGlobalSection
EndGlobal
